
Microsoft Visual Studio Solution File, Format Version 12.00
# Visual Studio Version 16
VisualStudioVersion = 16.0.30523.141
MinimumVisualStudioVersion = 10.0.40219.1
Project("{FAE04EC0-301F-11D3-BF4B-00C04F79EFBC}") = "BookManagementv2", "BookManagementv2\BookManagementv2.csproj", "{FED6B822-8FA6-4000-B210-00CB08EACD32}"
EndProject
Global
	GlobalSection(SolutionConfigurationPlatforms) = preSolution
		Debug|Any CPU = Debug|Any CPU
		Release|Any CPU = Release|Any CPU
	EndGlobalSection
	GlobalSection(ProjectConfigurationPlatforms) = postSolution
		{FED6B822-8FA6-4000-B210-00CB08EACD32}.Debug|Any CPU.ActiveCfg = Debug|Any CPU
		{FED6B822-8FA6-4000-B210-00CB08EACD32}.Debug|Any CPU.Build.0 = Debug|Any CPU
		{FED6B822-8FA6-4000-B210-00CB08EACD32}.Release|Any CPU.ActiveCfg = Release|Any CPU
		{FED6B822-8FA6-4000-B210-00CB08EACD32}.Release|Any CPU.Build.0 = Release|Any CPU
	EndGlobalSection
	GlobalSection(SolutionProperties) = preSolution
		HideSolutionNode = FALSE
	EndGlobalSection
	GlobalSection(ExtensibilityGlobals) = postSolution
		SolutionGuid = {DF60A79C-88BF-4228-9070-269D264D7815}
	EndGlobalSection
EndGlobal
